{
  "requires": true,
  "lockfileVersion": 1,
  "dependencies": {
    "react-simple-typewriter": {
      "version": "3.0.1",
      "resolved": "https://registry.npmjs.org/react-simple-typewriter/-/react-simple-typewriter-3.0.1.tgz",
      "integrity": "sha512-z+aJugzvYPng9HoggyXNpnp7NjxtusGAb33bRaGRK2pEdirVKX4v3qrwdHqs6zdhCeLAthLGLtxgVX9oGekTLg=="
    }
  }
}
