# THIS IS AN AUTOGENERATED FILE. DO NOT EDIT THIS FILE DIRECTLY.
# yarn lockfile v1


react-simple-typewriter@^3.0.1:
  version "3.0.1"
  resolved "https://registry.yarnpkg.com/react-simple-typewriter/-/react-simple-typewriter-3.0.1.tgz#5dc7b924a2e1a96950b5a2064f2dfbdfe1f8a60d"
  integrity sha512-z+aJugzvYPng9HoggyXNpnp7NjxtusGAb33bRaGRK2pEdirVKX4v3qrwdHqs6zdhCeLAthLGLtxgVX9oGekTLg==
